
Microsoft Visual Studio Solution File, Format Version 12.00
# Visual Studio 15
Project("{FAE04EC0-301F-11D3-BF4B-00C04F79EFBC}") = "SteamAudioUnity", "SteamAudioUnity.csproj", "{98DED3EC-18A5-9EB1-B2D8-351E6692A37F}"
EndProject
Project("{FAE04EC0-301F-11D3-BF4B-00C04F79EFBC}") = "Assembly-CSharp", "Assembly-CSharp.csproj", "{99DBB0C1-3082-42F7-F7E5-221FFC31DE4B}"
EndProject
Project("{FAE04EC0-301F-11D3-BF4B-00C04F79EFBC}") = "SteamAudioUnityEditor", "SteamAudioUnityEditor.csproj", "{AF7EDBB3-D5D6-F54D-41BD-FED3E16C9425}"
EndProject
Global
	GlobalSection(SolutionConfigurationPlatforms) = preSolution
		Debug|Any CPU = Debug|Any CPU
		Release|Any CPU = Release|Any CPU
	EndGlobalSection
	GlobalSection(ProjectConfigurationPlatforms) = postSolution
		{98DED3EC-18A5-9EB1-B2D8-351E6692A37F}.Debug|Any CPU.ActiveCfg = Debug|Any CPU
		{98DED3EC-18A5-9EB1-B2D8-351E6692A37F}.Debug|Any CPU.Build.0 = Debug|Any CPU
		{98DED3EC-18A5-9EB1-B2D8-351E6692A37F}.Release|Any CPU.ActiveCfg = Release|Any CPU
		{98DED3EC-18A5-9EB1-B2D8-351E6692A37F}.Release|Any CPU.Build.0 = Release|Any CPU
		{99DBB0C1-3082-42F7-F7E5-221FFC31DE4B}.Debug|Any CPU.ActiveCfg = Debug|Any CPU
		{99DBB0C1-3082-42F7-F7E5-221FFC31DE4B}.Debug|Any CPU.Build.0 = Debug|Any CPU
		{99DBB0C1-3082-42F7-F7E5-221FFC31DE4B}.Release|Any CPU.ActiveCfg = Release|Any CPU
		{99DBB0C1-3082-42F7-F7E5-221FFC31DE4B}.Release|Any CPU.Build.0 = Release|Any CPU
		{AF7EDBB3-D5D6-F54D-41BD-FED3E16C9425}.Debug|Any CPU.ActiveCfg = Debug|Any CPU
		{AF7EDBB3-D5D6-F54D-41BD-FED3E16C9425}.Debug|Any CPU.Build.0 = Debug|Any CPU
		{AF7EDBB3-D5D6-F54D-41BD-FED3E16C9425}.Release|Any CPU.ActiveCfg = Release|Any CPU
		{AF7EDBB3-D5D6-F54D-41BD-FED3E16C9425}.Release|Any CPU.Build.0 = Release|Any CPU
	EndGlobalSection
	GlobalSection(SolutionProperties) = preSolution
		HideSolutionNode = FALSE
	EndGlobalSection
EndGlobal
